
Microsoft Visual Studio Solution File, Format Version 12.00
# Visual Studio Version 17
VisualStudioVersion = 17.8.34330.188
MinimumVisualStudioVersion = 10.0.40219.1
Project("{FAE04EC0-301F-11D3-BF4B-00C04F79EFBC}") = "pruebaApiC#", "pruebaApiC#.csproj", "{7559F2A2-6476-4249-B861-D2E63DD20C17}"
EndProject
Global
	GlobalSection(SolutionConfigurationPlatforms) = preSolution
		Debug|Any CPU = Debug|Any CPU
		Release|Any CPU = Release|Any CPU
	EndGlobalSection
	GlobalSection(ProjectConfigurationPlatforms) = postSolution
		{7559F2A2-6476-4249-B861-D2E63DD20C17}.Debug|Any CPU.ActiveCfg = Debug|Any CPU
		{7559F2A2-6476-4249-B861-D2E63DD20C17}.Debug|Any CPU.Build.0 = Debug|Any CPU
		{7559F2A2-6476-4249-B861-D2E63DD20C17}.Release|Any CPU.ActiveCfg = Release|Any CPU
		{7559F2A2-6476-4249-B861-D2E63DD20C17}.Release|Any CPU.Build.0 = Release|Any CPU
	EndGlobalSection
	GlobalSection(SolutionProperties) = preSolution
		HideSolutionNode = FALSE
	EndGlobalSection
	GlobalSection(ExtensibilityGlobals) = postSolution
		SolutionGuid = {6E3ACB5F-2512-4F26-903C-B6DA1E85F7FA}
	EndGlobalSection
EndGlobal
